<?xml version="1.0" encoding="utf-8"?>
<Project ToolsVersion="17.0" xmlns="http://schemas.microsoft.com/developer/msbuild/2003">
  <ItemGroup>
    <ClCompile Include="C:\Users\Playboy\Downloads\discord-rpc-buttons-master\discord-rpc-buttons-master\examples\send-presence\send-presence.c">
      <Filter>Source Files</Filter>
    </ClCompile>
  </ItemGroup>
  <ItemGroup>
    <CustomBuild Include="C:\Users\Playboy\Downloads\discord-rpc-buttons-master\discord-rpc-buttons-master\examples\send-presence\CMakeLists.txt" />
  </ItemGroup>
  <ItemGroup>
    <Filter Include="Source Files">
      <UniqueIdentifier>{305639E7-B239-30A9-9537-AB4011CC5E19}</UniqueIdentifier>
    </Filter>
  </ItemGroup>
</Project>
